
Microsoft Visual Studio Solution File, Format Version 12.00
# Visual Studio Version 17
VisualStudioVersion = 17.4.33122.133
MinimumVisualStudioVersion = 10.0.40219.1
Project("{FAE04EC0-301F-11D3-BF4B-00C04F79EFBC}") = "Trilha .NET POO Desafio", "Trilha .NET POO Desafio\Trilha .NET POO Desafio.csproj", "{8DDA5645-1B0A-41A9-BC88-C82B13BBADFB}"
EndProject
Global
	GlobalSection(SolutionConfigurationPlatforms) = preSolution
		Debug|Any CPU = Debug|Any CPU
		Release|Any CPU = Release|Any CPU
	EndGlobalSection
	GlobalSection(ProjectConfigurationPlatforms) = postSolution
		{8DDA5645-1B0A-41A9-BC88-C82B13BBADFB}.Debug|Any CPU.ActiveCfg = Debug|Any CPU
		{8DDA5645-1B0A-41A9-BC88-C82B13BBADFB}.Debug|Any CPU.Build.0 = Debug|Any CPU
		{8DDA5645-1B0A-41A9-BC88-C82B13BBADFB}.Release|Any CPU.ActiveCfg = Release|Any CPU
		{8DDA5645-1B0A-41A9-BC88-C82B13BBADFB}.Release|Any CPU.Build.0 = Release|Any CPU
	EndGlobalSection
	GlobalSection(SolutionProperties) = preSolution
		HideSolutionNode = FALSE
	EndGlobalSection
	GlobalSection(ExtensibilityGlobals) = postSolution
		SolutionGuid = {1DB904E4-B571-43EE-985D-1DD33B4E04AA}
	EndGlobalSection
EndGlobal
